
Microsoft Visual Studio Solution File, Format Version 12.00
# Visual Studio Version 16
VisualStudioVersion = 16.0.29613.14
MinimumVisualStudioVersion = 10.0.40219.1
Project("{FAE04EC0-301F-11D3-BF4B-00C04F79EFBC}") = "WSCAlagoas", "WSCAlagoas\WSCAlagoas.csproj", "{D1365307-2023-420E-983B-A1B9A8717003}"
EndProject
Global
	GlobalSection(SolutionConfigurationPlatforms) = preSolution
		Debug|Any CPU = Debug|Any CPU
		Release|Any CPU = Release|Any CPU
	EndGlobalSection
	GlobalSection(ProjectConfigurationPlatforms) = postSolution
		{D1365307-2023-420E-983B-A1B9A8717003}.Debug|Any CPU.ActiveCfg = Debug|Any CPU
		{D1365307-2023-420E-983B-A1B9A8717003}.Debug|Any CPU.Build.0 = Debug|Any CPU
		{D1365307-2023-420E-983B-A1B9A8717003}.Release|Any CPU.ActiveCfg = Release|Any CPU
		{D1365307-2023-420E-983B-A1B9A8717003}.Release|Any CPU.Build.0 = Release|Any CPU
	EndGlobalSection
	GlobalSection(SolutionProperties) = preSolution
		HideSolutionNode = FALSE
	EndGlobalSection
	GlobalSection(ExtensibilityGlobals) = postSolution
		SolutionGuid = {A29A8E35-1FA3-454C-981A-543731B23E04}
	EndGlobalSection
EndGlobal
